{
  "name": "@writetome51/get-object-modified",
  "version": "1.0.0",
  "lockfileVersion": 1,
  "requires": true,
  "dependencies": {
    "@writetome51/get-object-copy": {
      "version": "2.0.0",
      "resolved": "https://registry.npmjs.org/@writetome51/get-object-copy/-/get-object-copy-2.0.0.tgz",
      "integrity": "sha512-T2xsf9mAllBV1JJJvYBhK9FXz0V8QHvRpuHUCeC/SHIn2BgOOIDhD4wQvu9Br+VO0qJKbG2Flk83/nxUAitkcQ==",
      "requires": {
        "@writetome51/modify-object": "^2.0.0"
      }
    },
    "@writetome51/modify-object": {
      "version": "2.0.0",
      "resolved": "https://registry.npmjs.org/@writetome51/modify-object/-/modify-object-2.0.0.tgz",
      "integrity": "sha512-94kCKnUMd9bsCqM3Dg1TjNYy5APU8zP35FgH7z4JQskYrzvueRpCsIA8iMjl0xNBaVZkBHOPmseRRp7QcrP09w=="
    }
  }
}
